{
  "name": "sgs-issuance-calendar",
  "lockfileVersion": 3,
  "requires": true,
  "packages": {
    "": {
      "dependencies": {
        "@types/google-apps-script": "^1.0.75"
      },
      "devDependencies": {
        "prettier": "^3.0.3"
      }
    },
    "node_modules/@types/google-apps-script": {
      "version": "1.0.75",
      "resolved": "https://registry.npmjs.org/@types/google-apps-script/-/google-apps-script-1.0.75.tgz",
      "integrity": "sha512-igNG4fuC+MJyOEFHhVLAU7psZX7NlsamuRXA49M0wR6bzN7XRzhPF4IO7NPOjguHvNKaKxUG665FFE7OkgMQKQ=="
    },
    "node_modules/prettier": {
      "version": "3.0.3",
      "resolved": "https://registry.npmjs.org/prettier/-/prettier-3.0.3.tgz",
      "integrity": "sha512-L/4pUDMxcNa8R/EthV08Zt42WBO4h1rarVtK0K+QJG0X187OLo7l699jWw0GKuwzkPQ//jMFA/8Xm6Fh3J/DAg==",
      "dev": true,
      "bin": {
        "prettier": "bin/prettier.cjs"
      },
      "engines": {
        "node": ">=14"
      },
      "funding": {
        "url": "https://github.com/prettier/prettier?sponsor=1"
      }
    }
  }
}
